// !$*UTF8*$!
{
	archiveVersion = 1;
	classes = {
	};
	objectVersion = 56;
	objects = {

/* Begin PBXBuildFile section */
		2A0CAA14292BE56100871162 /* HomeViewModel.swift in Sources */ = {isa = PBXBuildFile; fileRef = 2A0CAA13292BE56100871162 /* HomeViewModel.swift */; };
		2A1C619D2926B65700DCCBBE /* RegisterController.swift in Sources */ = {isa = PBXBuildFile; fileRef = 2A1C619C2926B65700DCCBBE /* RegisterController.swift */; };
		2A1C61A92926BEAA00DCCBBE /* LoginManager.swift in Sources */ = {isa = PBXBuildFile; fileRef = 2A1C61A82926BEAA00DCCBBE /* LoginManager.swift */; };
		2A1C61AB2926BF0100DCCBBE /* RegisterManager.swift in Sources */ = {isa = PBXBuildFile; fileRef = 2A1C61AA2926BF0100DCCBBE /* RegisterManager.swift */; };
		2A1C61AE2926BFB700DCCBBE /* OnboardingController.swift in Sources */ = {isa = PBXBuildFile; fileRef = 2A1C61AD2926BFB700DCCBBE /* OnboardingController.swift */; };
		2A64A5132922B0740012901E /* AppDelegate.swift in Sources */ = {isa = PBXBuildFile; fileRef = 2A64A5122922B0740012901E /* AppDelegate.swift */; };
		2A64A5152922B0740012901E /* SceneDelegate.swift in Sources */ = {isa = PBXBuildFile; fileRef = 2A64A5142922B0740012901E /* SceneDelegate.swift */; };
		2A64A51A2922B0740012901E /* Main.storyboard in Resources */ = {isa = PBXBuildFile; fileRef = 2A64A5182922B0740012901E /* Main.storyboard */; };
		2A64A51C2922B0760012901E /* Assets.xcassets in Resources */ = {isa = PBXBuildFile; fileRef = 2A64A51B2922B0760012901E /* Assets.xcassets */; };
		2A64A51F2922B0760012901E /* LaunchScreen.storyboard in Resources */ = {isa = PBXBuildFile; fileRef = 2A64A51D2922B0760012901E /* LaunchScreen.storyboard */; };
		2A64A52D2922BE3F0012901E /* NetworkManager.swift in Sources */ = {isa = PBXBuildFile; fileRef = 2A64A52C2922BE3F0012901E /* NetworkManager.swift */; };
		2AA076682923730E00D779B8 /* LoginController.swift in Sources */ = {isa = PBXBuildFile; fileRef = 2AA076672923730E00D779B8 /* LoginController.swift */; };
		2AD047412922BF11000DE777 /* NetworkHelper.swift in Sources */ = {isa = PBXBuildFile; fileRef = 2AD047402922BF11000DE777 /* NetworkHelper.swift */; };
		2AD047432922BF49000DE777 /* UIViewController + Ext.swift in Sources */ = {isa = PBXBuildFile; fileRef = 2AD047422922BF49000DE777 /* UIViewController + Ext.swift */; };
		2AEA818D292AD68900D40490 /* HomeController.swift in Sources */ = {isa = PBXBuildFile; fileRef = 2AEA818C292AD68900D40490 /* HomeController.swift */; };
		CD8034DAC7E50BF4DD869C0A /* Pods_Country_App.framework in Frameworks */ = {isa = PBXBuildFile; fileRef = D38C94BF9A3B3B44358174A2 /* Pods_Country_App.framework */; };
/* End PBXBuildFile section */

/* Begin PBXFileReference section */
		19009F05D62377EDD7E6ABEE /* Pods-Country App.debug.xcconfig */ = {isa = PBXFileReference; includeInIndex = 1; lastKnownFileType = text.xcconfig; name = "Pods-Country App.debug.xcconfig"; path = "Target Support Files/Pods-Country App/Pods-Country App.debug.xcconfig"; sourceTree = "<group>"; };
		2A0CAA13292BE56100871162 /* HomeViewModel.swift */ = {isa = PBXFileReference; lastKnownFileType = sourcecode.swift; path = HomeViewModel.swift; sourceTree = "<group>"; };
		2A1C619C2926B65700DCCBBE /* RegisterController.swift */ = {isa = PBXFileReference; lastKnownFileType = sourcecode.swift; path = RegisterController.swift; sourceTree = "<group>"; };
		2A1C61A82926BEAA00DCCBBE /* LoginManager.swift */ = {isa = PBXFileReference; lastKnownFileType = sourcecode.swift; path = LoginManager.swift; sourceTree = "<group>"; };
		2A1C61AA2926BF0100DCCBBE /* RegisterManager.swift */ = {isa = PBXFileReference; lastKnownFileType = sourcecode.swift; path = RegisterManager.swift; sourceTree = "<group>"; };
		2A1C61AD2926BFB700DCCBBE /* OnboardingController.swift */ = {isa = PBXFileReference; lastKnownFileType = sourcecode.swift; path = OnboardingController.swift; sourceTree = "<group>"; };
		2A64A50F2922B0740012901E /* Country App.app */ = {isa = PBXFileReference; explicitFileType = wrapper.application; includeInIndex = 0; path = "Country App.app"; sourceTree = BUILT_PRODUCTS_DIR; };
		2A64A5122922B0740012901E /* AppDelegate.swift */ = {isa = PBXFileReference; lastKnownFileType = sourcecode.swift; path = AppDelegate.swift; sourceTree = "<group>"; };
		2A64A5142922B0740012901E /* SceneDelegate.swift */ = {isa = PBXFileReference; lastKnownFileType = sourcecode.swift; path = SceneDelegate.swift; sourceTree = "<group>"; };
		2A64A5192922B0740012901E /* Base */ = {isa = PBXFileReference; lastKnownFileType = file.storyboard; name = Base; path = Base.lproj/Main.storyboard; sourceTree = "<group>"; };
		2A64A51B2922B0760012901E /* Assets.xcassets */ = {isa = PBXFileReference; lastKnownFileType = folder.assetcatalog; path = Assets.xcassets; sourceTree = "<group>"; };
		2A64A51E2922B0760012901E /* Base */ = {isa = PBXFileReference; lastKnownFileType = file.storyboard; name = Base; path = Base.lproj/LaunchScreen.storyboard; sourceTree = "<group>"; };
		2A64A5202922B0760012901E /* Info.plist */ = {isa = PBXFileReference; lastKnownFileType = text.plist.xml; path = Info.plist; sourceTree = "<group>"; };
		2A64A52C2922BE3F0012901E /* NetworkManager.swift */ = {isa = PBXFileReference; lastKnownFileType = sourcecode.swift; path = NetworkManager.swift; sourceTree = "<group>"; };
		2AA076672923730E00D779B8 /* LoginController.swift */ = {isa = PBXFileReference; lastKnownFileType = sourcecode.swift; path = LoginController.swift; sourceTree = "<group>"; };
		2AD047402922BF11000DE777 /* NetworkHelper.swift */ = {isa = PBXFileReference; lastKnownFileType = sourcecode.swift; path = NetworkHelper.swift; sourceTree = "<group>"; };
		2AD047422922BF49000DE777 /* UIViewController + Ext.swift */ = {isa = PBXFileReference; lastKnownFileType = sourcecode.swift; path = "UIViewController + Ext.swift"; sourceTree = "<group>"; };
		2AEA818C292AD68900D40490 /* HomeController.swift */ = {isa = PBXFileReference; lastKnownFileType = sourcecode.swift; path = HomeController.swift; sourceTree = "<group>"; };
		CBADF52FB327E845A6AC13E2 /* Pods-Country App.release.xcconfig */ = {isa = PBXFileReference; includeInIndex = 1; lastKnownFileType = text.xcconfig; name = "Pods-Country App.release.xcconfig"; path = "Target Support Files/Pods-Country App/Pods-Country App.release.xcconfig"; sourceTree = "<group>"; };
		D38C94BF9A3B3B44358174A2 /* Pods_Country_App.framework */ = {isa = PBXFileReference; explicitFileType = wrapper.framework; includeInIndex = 0; path = Pods_Country_App.framework; sourceTree = BUILT_PRODUCTS_DIR; };
/* End PBXFileReference section */

/* Begin PBXFrameworksBuildPhase section */
		2A64A50C2922B0740012901E /* Frameworks */ = {
			isa = PBXFrameworksBuildPhase;
			buildActionMask = 2147483647;
			files = (
				CD8034DAC7E50BF4DD869C0A /* Pods_Country_App.framework in Frameworks */,
			);
			runOnlyForDeploymentPostprocessing = 0;
		};
/* End PBXFrameworksBuildPhase section */

/* Begin PBXGroup section */
		2A1C619E2926B9C100DCCBBE /* Login */ = {
			isa = PBXGroup;
			children = (
				2A1C61A22926BA1800DCCBBE /* Model */,
				2A1C61A12926BA1300DCCBBE /* View */,
				2A1C61A02926BA0400DCCBBE /* ViewModel */,
			);
			path = Login;
			sourceTree = "<group>";
		};
		2A1C61A02926BA0400DCCBBE /* ViewModel */ = {
			isa = PBXGroup;
			children = (
			);
			path = ViewModel;
			sourceTree = "<group>";
		};
		2A1C61A12926BA1300DCCBBE /* View */ = {
			isa = PBXGroup;
			children = (
				2AA076672923730E00D779B8 /* LoginController.swift */,
			);
			path = View;
			sourceTree = "<group>";
		};
		2A1C61A22926BA1800DCCBBE /* Model */ = {
			isa = PBXGroup;
			children = (
			);
			path = Model;
			sourceTree = "<group>";
		};
		2A1C61A32926BA2800DCCBBE /* Register */ = {
			isa = PBXGroup;
			children = (
				2A1C61A72926BA4B00DCCBBE /* Model */,
				2A1C61A52926BA3C00DCCBBE /* View */,
				2A1C61A42926BA3500DCCBBE /* ViewModel */,
			);
			path = Register;
			sourceTree = "<group>";
		};
		2A1C61A42926BA3500DCCBBE /* ViewModel */ = {
			isa = PBXGroup;
			children = (
			);
			path = ViewModel;
			sourceTree = "<group>";
		};
		2A1C61A52926BA3C00DCCBBE /* View */ = {
			isa = PBXGroup;
			children = (
				2A1C619C2926B65700DCCBBE /* RegisterController.swift */,
			);
			path = View;
			sourceTree = "<group>";
		};
		2A1C61A72926BA4B00DCCBBE /* Model */ = {
			isa = PBXGroup;
			children = (
			);
			path = Model;
			sourceTree = "<group>";
		};
		2A1C61AC2926BF5B00DCCBBE /* Onboarding */ = {
			isa = PBXGroup;
			children = (
				2A1C61AD2926BFB700DCCBBE /* OnboardingController.swift */,
			);
			path = Onboarding;
			sourceTree = "<group>";
		};
		2A64A5062922B0740012901E = {
			isa = PBXGroup;
			children = (
				2A64A5112922B0740012901E /* Country App */,
				2A64A5102922B0740012901E /* Products */,
				6BC1D6D1AE1862FDF1FC25FD /* Pods */,
				3F48ACDAF53F72ABA13327EF /* Frameworks */,
			);
			sourceTree = "<group>";
		};
		2A64A5102922B0740012901E /* Products */ = {
			isa = PBXGroup;
			children = (
				2A64A50F2922B0740012901E /* Country App.app */,
			);
			name = Products;
			sourceTree = "<group>";
		};
		2A64A5112922B0740012901E /* Country App */ = {
			isa = PBXGroup;
			children = (
				2A64A5122922B0740012901E /* AppDelegate.swift */,
				2A64A5142922B0740012901E /* SceneDelegate.swift */,
				2A64A5262922BD980012901E /* NetworkLayer */,
				2A64A5292922BDFB0012901E /* Helper */,
				2A64A52A2922BE090012901E /* Scenes */,
				2A64A5182922B0740012901E /* Main.storyboard */,
				2A64A51B2922B0760012901E /* Assets.xcassets */,
				2A64A51D2922B0760012901E /* LaunchScreen.storyboard */,
				2A64A5202922B0760012901E /* Info.plist */,
			);
			path = "Country App";
			sourceTree = "<group>";
		};
		2A64A5262922BD980012901E /* NetworkLayer */ = {
			isa = PBXGroup;
			children = (
				2A64A5272922BDC30012901E /* Core */,
				2A64A5282922BDE70012901E /* ManagerFiles */,
			);
			path = NetworkLayer;
			sourceTree = "<group>";
		};
		2A64A5272922BDC30012901E /* Core */ = {
			isa = PBXGroup;
			children = (
				2A64A52C2922BE3F0012901E /* NetworkManager.swift */,
				2AD047402922BF11000DE777 /* NetworkHelper.swift */,
			);
			path = Core;
			sourceTree = "<group>";
		};
		2A64A5282922BDE70012901E /* ManagerFiles */ = {
			isa = PBXGroup;
			children = (
				2A1C61A82926BEAA00DCCBBE /* LoginManager.swift */,
				2A1C61AA2926BF0100DCCBBE /* RegisterManager.swift */,
			);
			path = ManagerFiles;
			sourceTree = "<group>";
		};
		2A64A5292922BDFB0012901E /* Helper */ = {
			isa = PBXGroup;
			children = (
				2AD047422922BF49000DE777 /* UIViewController + Ext.swift */,
			);
			path = Helper;
			sourceTree = "<group>";
		};
		2A64A52A2922BE090012901E /* Scenes */ = {
			isa = PBXGroup;
			children = (
				2A1C61AC2926BF5B00DCCBBE /* Onboarding */,
				2A1C619E2926B9C100DCCBBE /* Login */,
				2A1C61A32926BA2800DCCBBE /* Register */,
				2AEA8188292AD65600D40490 /* Home */,
			);
			path = Scenes;
			sourceTree = "<group>";
		};
		2AEA8188292AD65600D40490 /* Home */ = {
			isa = PBXGroup;
			children = (
				2AEA818B292AD67400D40490 /* Model */,
				2AEA818A292AD66F00D40490 /* View */,
				2AEA8189292AD65F00D40490 /* ViewModel */,
			);
			path = Home;
			sourceTree = "<group>";
		};
		2AEA8189292AD65F00D40490 /* ViewModel */ = {
			isa = PBXGroup;
			children = (
				2A0CAA13292BE56100871162 /* HomeViewModel.swift */,
			);
			path = ViewModel;
			sourceTree = "<group>";
		};
		2AEA818A292AD66F00D40490 /* View */ = {
			isa = PBXGroup;
			children = (
				2AEA818C292AD68900D40490 /* HomeController.swift */,
			);
			path = View;
			sourceTree = "<group>";
		};
		2AEA818B292AD67400D40490 /* Model */ = {
			isa = PBXGroup;
			children = (
			);
			path = Model;
			sourceTree = "<group>";
		};
		3F48ACDAF53F72ABA13327EF /* Frameworks */ = {
			isa = PBXGroup;
			children = (
				D38C94BF9A3B3B44358174A2 /* Pods_Country_App.framework */,
			);
			name = Frameworks;
			sourceTree = "<group>";
		};
		6BC1D6D1AE1862FDF1FC25FD /* Pods */ = {
			isa = PBXGroup;
			children = (
				19009F05D62377EDD7E6ABEE /* Pods-Country App.debug.xcconfig */,
				CBADF52FB327E845A6AC13E2 /* Pods-Country App.release.xcconfig */,
			);
			path = Pods;
			sourceTree = "<group>";
		};
/* End PBXGroup section */

/* Begin PBXNativeTarget section */
		2A64A50E2922B0740012901E /* Country App */ = {
			isa = PBXNativeTarget;
			buildConfigurationList = 2A64A5232922B0760012901E /* Build configuration list for PBXNativeTarget "Country App" */;
			buildPhases = (
				0B89122B77C28561E29785ED /* [CP] Check Pods Manifest.lock */,
				2A64A50B2922B0740012901E /* Sources */,
				2A64A50C2922B0740012901E /* Frameworks */,
				2A64A50D2922B0740012901E /* Resources */,
				7EE2E291DBB4346964F4ACB2 /* [CP] Embed Pods Frameworks */,
			);
			buildRules = (
			);
			dependencies = (
			);
			name = "Country App";
			productName = "Country App";
			productReference = 2A64A50F2922B0740012901E /* Country App.app */;
			productType = "com.apple.product-type.application";
		};
/* End PBXNativeTarget section */

/* Begin PBXProject section */
		2A64A5072922B0740012901E /* Project object */ = {
			isa = PBXProject;
			attributes = {
				BuildIndependentTargetsInParallel = 1;
				LastSwiftUpdateCheck = 1400;
				LastUpgradeCheck = 1400;
				TargetAttributes = {
					2A64A50E2922B0740012901E = {
						CreatedOnToolsVersion = 14.0.1;
					};
				};
			};
			buildConfigurationList = 2A64A50A2922B0740012901E /* Build configuration list for PBXProject "Country App" */;
			compatibilityVersion = "Xcode 14.0";
			developmentRegion = en;
			hasScannedForEncodings = 0;
			knownRegions = (
				en,
				Base,
			);
			mainGroup = 2A64A5062922B0740012901E;
			productRefGroup = 2A64A5102922B0740012901E /* Products */;
			projectDirPath = "";
			projectRoot = "";
			targets = (
				2A64A50E2922B0740012901E /* Country App */,
			);
		};
/* End PBXProject section */

/* Begin PBXResourcesBuildPhase section */
		2A64A50D2922B0740012901E /* Resources */ = {
			isa = PBXResourcesBuildPhase;
			buildActionMask = 2147483647;
			files = (
				2A64A51F2922B0760012901E /* LaunchScreen.storyboard in Resources */,
				2A64A51C2922B0760012901E /* Assets.xcassets in Resources */,
				2A64A51A2922B0740012901E /* Main.storyboard in Resources */,
			);
			runOnlyForDeploymentPostprocessing = 0;
		};
/* End PBXResourcesBuildPhase section */

/* Begin PBXShellScriptBuildPhase section */
		0B89122B77C28561E29785ED /* [CP] Check Pods Manifest.lock */ = {
			isa = PBXShellScriptBuildPhase;
			buildActionMask = 2147483647;
			files = (
			);
			inputFileListPaths = (
			);
			inputPaths = (
				"${PODS_PODFILE_DIR_PATH}/Podfile.lock",
				"${PODS_ROOT}/Manifest.lock",
			);
			name = "[CP] Check Pods Manifest.lock";
			outputFileListPaths = (
			);
			outputPaths = (
				"$(DERIVED_FILE_DIR)/Pods-Country App-checkManifestLockResult.txt",
			);
			runOnlyForDeploymentPostprocessing = 0;
			shellPath = /bin/sh;
			shellScript = "diff \"${PODS_PODFILE_DIR_PATH}/Podfile.lock\" \"${PODS_ROOT}/Manifest.lock\" > /dev/null\nif [ $? != 0 ] ; then\n    # print error to STDERR\n    echo \"error: The sandbox is not in sync with the Podfile.lock. Run 'pod install' or update your CocoaPods installation.\" >&2\n    exit 1\nfi\n# This output is used by Xcode 'outputs' to avoid re-running this script phase.\necho \"SUCCESS\" > \"${SCRIPT_OUTPUT_FILE_0}\"\n";
			showEnvVarsInLog = 0;
		};
		7EE2E291DBB4346964F4ACB2 /* [CP] Embed Pods Frameworks */ = {
			isa = PBXShellScriptBuildPhase;
			buildActionMask = 2147483647;
			files = (
			);
			inputFileListPaths = (
				"${PODS_ROOT}/Target Support Files/Pods-Country App/Pods-Country App-frameworks-${CONFIGURATION}-input-files.xcfilelist",
			);
			name = "[CP] Embed Pods Frameworks";
			outputFileListPaths = (
				"${PODS_ROOT}/Target Support Files/Pods-Country App/Pods-Country App-frameworks-${CONFIGURATION}-output-files.xcfilelist",
			);
			runOnlyForDeploymentPostprocessing = 0;
			shellPath = /bin/sh;
			shellScript = "\"${PODS_ROOT}/Target Support Files/Pods-Country App/Pods-Country App-frameworks.sh\"\n";
			showEnvVarsInLog = 0;
		};
/* End PBXShellScriptBuildPhase section */

/* Begin PBXSourcesBuildPhase section */
		2A64A50B2922B0740012901E /* Sources */ = {
			isa = PBXSourcesBuildPhase;
			buildActionMask = 2147483647;
			files = (
				2AD047412922BF11000DE777 /* NetworkHelper.swift in Sources */,
				2A1C61A92926BEAA00DCCBBE /* LoginManager.swift in Sources */,
				2AEA818D292AD68900D40490 /* HomeController.swift in Sources */,
				2AA076682923730E00D779B8 /* LoginController.swift in Sources */,
				2A64A52D2922BE3F0012901E /* NetworkManager.swift in Sources */,
				2A1C619D2926B65700DCCBBE /* RegisterController.swift in Sources */,
				2A1C61AB2926BF0100DCCBBE /* RegisterManager.swift in Sources */,
				2A0CAA14292BE56100871162 /* HomeViewModel.swift in Sources */,
				2A64A5132922B0740012901E /* AppDelegate.swift in Sources */,
				2AD047432922BF49000DE777 /* UIViewController + Ext.swift in Sources */,
				2A1C61AE2926BFB700DCCBBE /* OnboardingController.swift in Sources */,
				2A64A5152922B0740012901E /* SceneDelegate.swift in Sources */,
			);
			runOnlyForDeploymentPostprocessing = 0;
		};
/* End PBXSourcesBuildPhase section */

/* Begin PBXVariantGroup section */
		2A64A5182922B0740012901E /* Main.storyboard */ = {
			isa = PBXVariantGroup;
			children = (
				2A64A5192922B0740012901E /* Base */,
			);
			name = Main.storyboard;
			sourceTree = "<group>";
		};
		2A64A51D2922B0760012901E /* LaunchScreen.storyboard */ = {
			isa = PBXVariantGroup;
			children = (
				2A64A51E2922B0760012901E /* Base */,
			);
			name = LaunchScreen.storyboard;
			sourceTree = "<group>";
		};
/* End PBXVariantGroup section */

/* Begin XCBuildConfiguration section */
		2A64A5212922B0760012901E /* Debug */ = {
			isa = XCBuildConfiguration;
			buildSettings = {
				ALWAYS_SEARCH_USER_PATHS = NO;
				CLANG_ANALYZER_NONNULL = YES;
				CLANG_ANALYZER_NUMBER_OBJECT_CONVERSION = YES_AGGRESSIVE;
				CLANG_CXX_LANGUAGE_STANDARD = "gnu++20";
				CLANG_ENABLE_MODULES = YES;
				CLANG_ENABLE_OBJC_ARC = YES;
				CLANG_ENABLE_OBJC_WEAK = YES;
				CLANG_WARN_BLOCK_CAPTURE_AUTORELEASING = YES;
				CLANG_WARN_BOOL_CONVERSION = YES;
				CLANG_WARN_COMMA = YES;
				CLANG_WARN_CONSTANT_CONVERSION = YES;
				CLANG_WARN_DEPRECATED_OBJC_IMPLEMENTATIONS = YES;
				CLANG_WARN_DIRECT_OBJC_ISA_USAGE = YES_ERROR;
				CLANG_WARN_DOCUMENTATION_COMMENTS = YES;
				CLANG_WARN_EMPTY_BODY = YES;
				CLANG_WARN_ENUM_CONVERSION = YES;
				CLANG_WARN_INFINITE_RECURSION = YES;
				CLANG_WARN_INT_CONVERSION = YES;
				CLANG_WARN_NON_LITERAL_NULL_CONVERSION = YES;
				CLANG_WARN_OBJC_IMPLICIT_RETAIN_SELF = YES;
				CLANG_WARN_OBJC_LITERAL_CONVERSION = YES;
				CLANG_WARN_OBJC_ROOT_CLASS = YES_ERROR;
				CLANG_WARN_QUOTED_INCLUDE_IN_FRAMEWORK_HEADER = YES;
				CLANG_WARN_RANGE_LOOP_ANALYSIS = YES;
				CLANG_WARN_STRICT_PROTOTYPES = YES;
				CLANG_WARN_SUSPICIOUS_MOVE = YES;
				CLANG_WARN_UNGUARDED_AVAILABILITY = YES_AGGRESSIVE;
				CLANG_WARN_UNREACHABLE_CODE = YES;
				CLANG_WARN__DUPLICATE_METHOD_MATCH = YES;
				COPY_PHASE_STRIP = NO;
				DEBUG_INFORMATION_FORMAT = dwarf;
				ENABLE_STRICT_OBJC_MSGSEND = YES;
				ENABLE_TESTABILITY = YES;
				GCC_C_LANGUAGE_STANDARD = gnu11;
				GCC_DYNAMIC_NO_PIC = NO;
				GCC_NO_COMMON_BLOCKS = YES;
				GCC_OPTIMIZATION_LEVEL = 0;
				GCC_PREPROCESSOR_DEFINITIONS = (
					"DEBUG=1",
					"$(inherited)",
				);
				GCC_WARN_64_TO_32_BIT_CONVERSION = YES;
				GCC_WARN_ABOUT_RETURN_TYPE = YES_ERROR;
				GCC_WARN_UNDECLARED_SELECTOR = YES;
				GCC_WARN_UNINITIALIZED_AUTOS = YES_AGGRESSIVE;
				GCC_WARN_UNUSED_FUNCTION = YES;
				GCC_WARN_UNUSED_VARIABLE = YES;
				IPHONEOS_DEPLOYMENT_TARGET = 16.0;
				MTL_ENABLE_DEBUG_INFO = INCLUDE_SOURCE;
				MTL_FAST_MATH = YES;
				ONLY_ACTIVE_ARCH = YES;
				SDKROOT = iphoneos;
				SWIFT_ACTIVE_COMPILATION_CONDITIONS = DEBUG;
				SWIFT_OPTIMIZATION_LEVEL = "-Onone";
			};
			name = Debug;
		};
		2A64A5222922B0760012901E /* Release */ = {
			isa = XCBuildConfiguration;
			buildSettings = {
				ALWAYS_SEARCH_USER_PATHS = NO;
				CLANG_ANALYZER_NONNULL = YES;
				CLANG_ANALYZER_NUMBER_OBJECT_CONVERSION = YES_AGGRESSIVE;
				CLANG_CXX_LANGUAGE_STANDARD = "gnu++20";
				CLANG_ENABLE_MODULES = YES;
				CLANG_ENABLE_OBJC_ARC = YES;
				CLANG_ENABLE_OBJC_WEAK = YES;
				CLANG_WARN_BLOCK_CAPTURE_AUTORELEASING = YES;
				CLANG_WARN_BOOL_CONVERSION = YES;
				CLANG_WARN_COMMA = YES;
				CLANG_WARN_CONSTANT_CONVERSION = YES;
				CLANG_WARN_DEPRECATED_OBJC_IMPLEMENTATIONS = YES;
				CLANG_WARN_DIRECT_OBJC_ISA_USAGE = YES_ERROR;
				CLANG_WARN_DOCUMENTATION_COMMENTS = YES;
				CLANG_WARN_EMPTY_BODY = YES;
				CLANG_WARN_ENUM_CONVERSION = YES;
				CLANG_WARN_INFINITE_RECURSION = YES;
				CLANG_WARN_INT_CONVERSION = YES;
				CLANG_WARN_NON_LITERAL_NULL_CONVERSION = YES;
				CLANG_WARN_OBJC_IMPLICIT_RETAIN_SELF = YES;
				CLANG_WARN_OBJC_LITERAL_CONVERSION = YES;
				CLANG_WARN_OBJC_ROOT_CLASS = YES_ERROR;
				CLANG_WARN_QUOTED_INCLUDE_IN_FRAMEWORK_HEADER = YES;
				CLANG_WARN_RANGE_LOOP_ANALYSIS = YES;
				CLANG_WARN_STRICT_PROTOTYPES = YES;
				CLANG_WARN_SUSPICIOUS_MOVE = YES;
				CLANG_WARN_UNGUARDED_AVAILABILITY = YES_AGGRESSIVE;
				CLANG_WARN_UNREACHABLE_CODE = YES;
				CLANG_WARN__DUPLICATE_METHOD_MATCH = YES;
				COPY_PHASE_STRIP = NO;
				DEBUG_INFORMATION_FORMAT = "dwarf-with-dsym";
				ENABLE_NS_ASSERTIONS = NO;
				ENABLE_STRICT_OBJC_MSGSEND = YES;
				GCC_C_LANGUAGE_STANDARD = gnu11;
				GCC_NO_COMMON_BLOCKS = YES;
				GCC_WARN_64_TO_32_BIT_CONVERSION = YES;
				GCC_WARN_ABOUT_RETURN_TYPE = YES_ERROR;
				GCC_WARN_UNDECLARED_SELECTOR = YES;
				GCC_WARN_UNINITIALIZED_AUTOS = YES_AGGRESSIVE;
				GCC_WARN_UNUSED_FUNCTION = YES;
				GCC_WARN_UNUSED_VARIABLE = YES;
				IPHONEOS_DEPLOYMENT_TARGET = 16.0;
				MTL_ENABLE_DEBUG_INFO = NO;
				MTL_FAST_MATH = YES;
				SDKROOT = iphoneos;
				SWIFT_COMPILATION_MODE = wholemodule;
				SWIFT_OPTIMIZATION_LEVEL = "-O";
				VALIDATE_PRODUCT = YES;
			};
			name = Release;
		};
		2A64A5242922B0760012901E /* Debug */ = {
			isa = XCBuildConfiguration;
			baseConfigurationReference = 19009F05D62377EDD7E6ABEE /* Pods-Country App.debug.xcconfig */;
			buildSettings = {
				ASSETCATALOG_COMPILER_APPICON_NAME = AppIcon;
				ASSETCATALOG_COMPILER_GLOBAL_ACCENT_COLOR_NAME = AccentColor;
				CODE_SIGN_STYLE = Automatic;
				CURRENT_PROJECT_VERSION = 1;
				DEVELOPMENT_TEAM = M95DBH5FSP;
				GENERATE_INFOPLIST_FILE = YES;
				INFOPLIST_FILE = "Country App/Info.plist";
				INFOPLIST_KEY_UIApplicationSupportsIndirectInputEvents = YES;
				INFOPLIST_KEY_UILaunchStoryboardName = LaunchScreen;
				INFOPLIST_KEY_UIMainStoryboardFile = Main;
				INFOPLIST_KEY_UISupportedInterfaceOrientations_iPad = "UIInterfaceOrientationPortrait UIInterfaceOrientationPortraitUpsideDown UIInterfaceOrientationLandscapeLeft UIInterfaceOrientationLandscapeRight";
				INFOPLIST_KEY_UISupportedInterfaceOrientations_iPhone = "UIInterfaceOrientationPortrait UIInterfaceOrientationLandscapeLeft UIInterfaceOrientationLandscapeRight";
				LD_RUNPATH_SEARCH_PATHS = (
					"$(inherited)",
					"@executable_path/Frameworks",
				);
				MARKETING_VERSION = 1.0;
				PRODUCT_BUNDLE_IDENTIFIER = "Vasif.Country-App";
				PRODUCT_NAME = "$(TARGET_NAME)";
				SWIFT_EMIT_LOC_STRINGS = YES;
				SWIFT_VERSION = 5.0;
				TARGETED_DEVICE_FAMILY = "1,2";
			};
			name = Debug;
		};
		2A64A5252922B0760012901E /* Release */ = {
			isa = XCBuildConfiguration;
			baseConfigurationReference = CBADF52FB327E845A6AC13E2 /* Pods-Country App.release.xcconfig */;
			buildSettings = {
				ASSETCATALOG_COMPILER_APPICON_NAME = AppIcon;
				ASSETCATALOG_COMPILER_GLOBAL_ACCENT_COLOR_NAME = AccentColor;
				CODE_SIGN_STYLE = Automatic;
				CURRENT_PROJECT_VERSION = 1;
				DEVELOPMENT_TEAM = M95DBH5FSP;
				GENERATE_INFOPLIST_FILE = YES;
				INFOPLIST_FILE = "Country App/Info.plist";
				INFOPLIST_KEY_UIApplicationSupportsIndirectInputEvents = YES;
				INFOPLIST_KEY_UILaunchStoryboardName = LaunchScreen;
				INFOPLIST_KEY_UIMainStoryboardFile = Main;
				INFOPLIST_KEY_UISupportedInterfaceOrientations_iPad = "UIInterfaceOrientationPortrait UIInterfaceOrientationPortraitUpsideDown UIInterfaceOrientationLandscapeLeft UIInterfaceOrientationLandscapeRight";
				INFOPLIST_KEY_UISupportedInterfaceOrientations_iPhone = "UIInterfaceOrientationPortrait UIInterfaceOrientationLandscapeLeft UIInterfaceOrientationLandscapeRight";
				LD_RUNPATH_SEARCH_PATHS = (
					"$(inherited)",
					"@executable_path/Frameworks",
				);
				MARKETING_VERSION = 1.0;
				PRODUCT_BUNDLE_IDENTIFIER = "Vasif.Country-App";
				PRODUCT_NAME = "$(TARGET_NAME)";
				SWIFT_EMIT_LOC_STRINGS = YES;
				SWIFT_VERSION = 5.0;
				TARGETED_DEVICE_FAMILY = "1,2";
			};
			name = Release;
		};
/* End XCBuildConfiguration section */

/* Begin XCConfigurationList section */
		2A64A50A2922B0740012901E /* Build configuration list for PBXProject "Country App" */ = {
			isa = XCConfigurationList;
			buildConfigurations = (
				2A64A5212922B0760012901E /* Debug */,
				2A64A5222922B0760012901E /* Release */,
			);
			defaultConfigurationIsVisible = 0;
			defaultConfigurationName = Release;
		};
		2A64A5232922B0760012901E /* Build configuration list for PBXNativeTarget "Country App" */ = {
			isa = XCConfigurationList;
			buildConfigurations = (
				2A64A5242922B0760012901E /* Debug */,
				2A64A5252922B0760012901E /* Release */,
			);
			defaultConfigurationIsVisible = 0;
			defaultConfigurationName = Release;
		};
/* End XCConfigurationList section */
	};
	rootObject = 2A64A5072922B0740012901E /* Project object */;
}
